
Microsoft Visual Studio Solution File, Format Version 12.00
# Visual Studio Version 16
VisualStudioVersion = 16.0.32228.343
MinimumVisualStudioVersion = 10.0.40219.1
Project("{FAE04EC0-301F-11D3-BF4B-00C04F79EFBC}") = "XMaps", "XMaps.csproj", "{810C418C-4755-42A7-B38E-CD669E87504D}"
EndProject
Global
	GlobalSection(SolutionConfigurationPlatforms) = preSolution
		Debug|Any CPU = Debug|Any CPU
		Release|Any CPU = Release|Any CPU
	EndGlobalSection
	GlobalSection(ProjectConfigurationPlatforms) = postSolution
		{810C418C-4755-42A7-B38E-CD669E87504D}.Debug|Any CPU.ActiveCfg = Debug|Any CPU
		{810C418C-4755-42A7-B38E-CD669E87504D}.Debug|Any CPU.Build.0 = Debug|Any CPU
		{810C418C-4755-42A7-B38E-CD669E87504D}.Release|Any CPU.ActiveCfg = Release|Any CPU
		{810C418C-4755-42A7-B38E-CD669E87504D}.Release|Any CPU.Build.0 = Release|Any CPU
	EndGlobalSection
	GlobalSection(SolutionProperties) = preSolution
		HideSolutionNode = FALSE
	EndGlobalSection
	GlobalSection(ExtensibilityGlobals) = postSolution
		SolutionGuid = {B46A73DF-B973-476A-AC93-F032A7354845}
	EndGlobalSection
EndGlobal
