
Microsoft Visual Studio Solution File, Format Version 12.00
# Visual Studio Version 16
VisualStudioVersion = 16.0.32228.343
MinimumVisualStudioVersion = 10.0.40219.1
Project("{FAE04EC0-301F-11D3-BF4B-00C04F79EFBC}") = "OddNumbers", "OddNumbers.csproj", "{6CB7D9DC-BA7F-4B24-8A37-DCB854511895}"
EndProject
Global
	GlobalSection(SolutionConfigurationPlatforms) = preSolution
		Debug|Any CPU = Debug|Any CPU
		Release|Any CPU = Release|Any CPU
	EndGlobalSection
	GlobalSection(ProjectConfigurationPlatforms) = postSolution
		{6CB7D9DC-BA7F-4B24-8A37-DCB854511895}.Debug|Any CPU.ActiveCfg = Debug|Any CPU
		{6CB7D9DC-BA7F-4B24-8A37-DCB854511895}.Debug|Any CPU.Build.0 = Debug|Any CPU
		{6CB7D9DC-BA7F-4B24-8A37-DCB854511895}.Release|Any CPU.ActiveCfg = Release|Any CPU
		{6CB7D9DC-BA7F-4B24-8A37-DCB854511895}.Release|Any CPU.Build.0 = Release|Any CPU
	EndGlobalSection
	GlobalSection(SolutionProperties) = preSolution
		HideSolutionNode = FALSE
	EndGlobalSection
	GlobalSection(ExtensibilityGlobals) = postSolution
		SolutionGuid = {CF7651D9-1094-4EEF-96F8-8F9049C25E14}
	EndGlobalSection
EndGlobal
