
Microsoft Visual Studio Solution File, Format Version 12.00
# Visual Studio Version 16
VisualStudioVersion = 16.0.32228.343
MinimumVisualStudioVersion = 10.0.40219.1
Project("{FAE04EC0-301F-11D3-BF4B-00C04F79EFBC}") = "Simple Web Browser", "Simple Web Browser.csproj", "{44ADA6E4-E7FA-42EC-8989-85070C76C398}"
EndProject
Global
	GlobalSection(SolutionConfigurationPlatforms) = preSolution
		Debug|Any CPU = Debug|Any CPU
		Release|Any CPU = Release|Any CPU
	EndGlobalSection
	GlobalSection(ProjectConfigurationPlatforms) = postSolution
		{44ADA6E4-E7FA-42EC-8989-85070C76C398}.Debug|Any CPU.ActiveCfg = Debug|Any CPU
		{44ADA6E4-E7FA-42EC-8989-85070C76C398}.Debug|Any CPU.Build.0 = Debug|Any CPU
		{44ADA6E4-E7FA-42EC-8989-85070C76C398}.Release|Any CPU.ActiveCfg = Release|Any CPU
		{44ADA6E4-E7FA-42EC-8989-85070C76C398}.Release|Any CPU.Build.0 = Release|Any CPU
	EndGlobalSection
	GlobalSection(SolutionProperties) = preSolution
		HideSolutionNode = FALSE
	EndGlobalSection
	GlobalSection(ExtensibilityGlobals) = postSolution
		SolutionGuid = {97497C31-BA86-461A-9E79-67E969FAF023}
	EndGlobalSection
EndGlobal
